
Microsoft Visual Studio Solution File, Format Version 12.00
# Visual Studio 15
VisualStudioVersion = 15.0.27130.2036
MinimumVisualStudioVersion = 10.0.40219.1
Project("{FAE04EC0-301F-11D3-BF4B-00C04F79EFBC}") = "ContextClassForEntity", "ContextClassForEntity\ContextClassForEntity.csproj", "{236AC9D5-F493-40A1-BCC5-85392329230E}"
EndProject
Global
	GlobalSection(SolutionConfigurationPlatforms) = preSolution
		Debug|Any CPU = Debug|Any CPU
		Release|Any CPU = Release|Any CPU
	EndGlobalSection
	GlobalSection(ProjectConfigurationPlatforms) = postSolution
		{236AC9D5-F493-40A1-BCC5-85392329230E}.Debug|Any CPU.ActiveCfg = Debug|Any CPU
		{236AC9D5-F493-40A1-BCC5-85392329230E}.Debug|Any CPU.Build.0 = Debug|Any CPU
		{236AC9D5-F493-40A1-BCC5-85392329230E}.Release|Any CPU.ActiveCfg = Release|Any CPU
		{236AC9D5-F493-40A1-BCC5-85392329230E}.Release|Any CPU.Build.0 = Release|Any CPU
	EndGlobalSection
	GlobalSection(SolutionProperties) = preSolution
		HideSolutionNode = FALSE
	EndGlobalSection
	GlobalSection(ExtensibilityGlobals) = postSolution
		SolutionGuid = {5C547839-E3D1-47C5-975B-EB49A7D04E61}
	EndGlobalSection
EndGlobal
